
Microsoft Visual Studio Solution File, Format Version 12.00
# Visual Studio Version 17
VisualStudioVersion = 17.0.31903.59
MinimumVisualStudioVersion = 10.0.40219.1
Project("{2150E333-8FDC-42A3-9474-1A3956D46DE8}") = "src", "src", "{DF4342AE-5B13-427D-9D61-E1085394CE21}"
EndProject
Project("{FAE04EC0-301F-11D3-BF4B-00C04F79EFBC}") = "Lumen.Storage", "src\Lumen.Storage\Lumen.Storage.csproj", "{D2B6DFF7-361C-4B83-83DB-FEFCC7267B70}"
EndProject
Project("{FAE04EC0-301F-11D3-BF4B-00C04F79EFBC}") = "Lumen.Accounts", "src\Lumen.Accounts\Lumen.Accounts.csproj", "{BF61CBDA-FAA6-4A40-BC96-D5386686253D}"
EndProject
Project("{FAE04EC0-301F-11D3-BF4B-00C04F79EFBC}") = "Lumen.Launching", "src\Lumen.Launching\Lumen.Launching.csproj", "{D1B4E5C0-010C-4F90-BBBA-DAA4F5066653}"
EndProject
Project("{FAE04EC0-301F-11D3-BF4B-00C04F79EFBC}") = "Lumen.Overlays", "src\Lumen.Overlays\Lumen.Overlays.csproj", "{273E10A1-0483-41F8-A0B5-31284EBA991C}"
EndProject
Project("{FAE04EC0-301F-11D3-BF4B-00C04F79EFBC}") = "Lumen.Diagnostics", "src\Lumen.Diagnostics\Lumen.Diagnostics.csproj", "{5E1A77BD-9EEF-47AC-A9ED-B8506C6AFF51}"
EndProject
Project("{FAE04EC0-301F-11D3-BF4B-00C04F79EFBC}") = "Lumen.Roblox", "src\Lumen.Roblox\Lumen.Roblox.csproj", "{AE828FED-F08B-4DC7-866E-7D6A005329D6}"
EndProject
Project("{FAE04EC0-301F-11D3-BF4B-00C04F79EFBC}") = "Lumen.Core", "src\Lumen.Core\Lumen.Core.csproj", "{C7E47C3F-FA4F-42D6-9B6E-496A5E65960B}"
EndProject
Project("{FAE04EC0-301F-11D3-BF4B-00C04F79EFBC}") = "Lumen.Mods", "src\Lumen.Mods\Lumen.Mods.csproj", "{B3A94513-DC77-43AC-A289-768DD7F29534}"
EndProject
Project("{FAE04EC0-301F-11D3-BF4B-00C04F79EFBC}") = "Lumen.Extensions", "src\Lumen.Extensions\Lumen.Extensions.csproj", "{AF12ADB2-0EB9-4319-A723-DA6DEF2A6F83}"
EndProject
Project("{FAE04EC0-301F-11D3-BF4B-00C04F79EFBC}") = "Lumen.Updates", "src\Lumen.Updates\Lumen.Updates.csproj", "{6DFAE610-978F-4F10-AF80-29C42D87EA5E}"
EndProject
Project("{FAE04EC0-301F-11D3-BF4B-00C04F79EFBC}") = "Lumen.Performance", "src\Lumen.Performance\Lumen.Performance.csproj", "{6EAA9A1D-9CA1-4D7B-AFB4-DED57547CE0A}"
EndProject
Project("{FAE04EC0-301F-11D3-BF4B-00C04F79EFBC}") = "Lumen.Profiles", "src\Lumen.Profiles\Lumen.Profiles.csproj", "{C4960CD9-E482-4873-A172-296DA8F23FB6}"
EndProject
Project("{FAE04EC0-301F-11D3-BF4B-00C04F79EFBC}") = "Lumen.Graphics", "src\Lumen.Graphics\Lumen.Graphics.csproj", "{0241A90D-E31B-4C98-8DD6-16DAAAB0502C}"
EndProject
Project("{FAE04EC0-301F-11D3-BF4B-00C04F79EFBC}") = "Lumen.Themes", "src\Lumen.Themes\Lumen.Themes.csproj", "{B2FA36F8-1F76-4903-A8F0-662948957CB4}"
EndProject
Project("{FAE04EC0-301F-11D3-BF4B-00C04F79EFBC}") = "Lumen.Installations", "src\Lumen.Installations\Lumen.Installations.csproj", "{A73E0D1F-3116-4C39-B46F-72BD06F526E3}"
EndProject
Project("{FAE04EC0-301F-11D3-BF4B-00C04F79EFBC}") = "Lumen.Security", "src\Lumen.Security\Lumen.Security.csproj", "{DA498890-21F6-4260-A835-8E6B92F390DE}"
EndProject
Project("{FAE04EC0-301F-11D3-BF4B-00C04F79EFBC}") = "Lumen.Resolution", "src\Lumen.Resolution\Lumen.Resolution.csproj", "{C49CFE8A-96DF-4AA8-BAEB-09F323C3A89B}"
EndProject
Project("{FAE04EC0-301F-11D3-BF4B-00C04F79EFBC}") = "Lumen.Downloads", "src\Lumen.Downloads\Lumen.Downloads.csproj", "{294BA3FB-725D-4238-BD9A-6D54FE4E0647}"
EndProject
Project("{2150E333-8FDC-42A3-9474-1A3956D46DE8}") = "tests", "tests", "{28869997-0A1A-4B66-9C3E-A4ABE7617A06}"
EndProject
Project("{FAE04EC0-301F-11D3-BF4B-00C04F79EFBC}") = "Lumen.Tests", "tests\Lumen.Tests\Lumen.Tests.csproj", "{D32A61F2-0FBF-4472-B805-F1D08EE7D752}"
EndProject
Project("{FAE04EC0-301F-11D3-BF4B-00C04F79EFBC}") = "Lumen.UI", "src\Lumen.UI\Lumen.UI.csproj", "{908E3747-281E-4782-89F3-97A2E9F2DC7F}"
EndProject
Project("{FAE04EC0-301F-11D3-BF4B-00C04F79EFBC}") = "Lumen.App", "src\Lumen.App\Lumen.App.csproj", "{FE2E27DC-06C2-47C9-8C06-6C57B6520C94}"
EndProject
Project("{FAE04EC0-301F-11D3-BF4B-00C04F79EFBC}") = "Lumen.Presentation", "src\Lumen.Presentation\Lumen.Presentation.csproj", "{59812A4A-F2FB-4DC5-A5EB-0E16E5E8D491}"
EndProject
Project("{FAE04EC0-301F-11D3-BF4B-00C04F79EFBC}") = "Lumen.Composition", "src\Lumen.Composition\Lumen.Composition.csproj", "{45DB2718-7F4B-4EEE-AFF9-EB35C0CE0BFF}"
EndProject
Global
	GlobalSection(SolutionConfigurationPlatforms) = preSolution
		Debug|Any CPU = Debug|Any CPU
		Release|Any CPU = Release|Any CPU
	EndGlobalSection
	GlobalSection(SolutionProperties) = preSolution
		HideSolutionNode = FALSE
	EndGlobalSection
	GlobalSection(ProjectConfigurationPlatforms) = postSolution
		{D2B6DFF7-361C-4B83-83DB-FEFCC7267B70}.Debug|Any CPU.ActiveCfg = Debug|Any CPU
		{D2B6DFF7-361C-4B83-83DB-FEFCC7267B70}.Debug|Any CPU.Build.0 = Debug|Any CPU
		{D2B6DFF7-361C-4B83-83DB-FEFCC7267B70}.Release|Any CPU.ActiveCfg = Release|Any CPU
		{D2B6DFF7-361C-4B83-83DB-FEFCC7267B70}.Release|Any CPU.Build.0 = Release|Any CPU
		{BF61CBDA-FAA6-4A40-BC96-D5386686253D}.Debug|Any CPU.ActiveCfg = Debug|Any CPU
		{BF61CBDA-FAA6-4A40-BC96-D5386686253D}.Debug|Any CPU.Build.0 = Debug|Any CPU
		{BF61CBDA-FAA6-4A40-BC96-D5386686253D}.Release|Any CPU.ActiveCfg = Release|Any CPU
		{BF61CBDA-FAA6-4A40-BC96-D5386686253D}.Release|Any CPU.Build.0 = Release|Any CPU
		{D1B4E5C0-010C-4F90-BBBA-DAA4F5066653}.Debug|Any CPU.ActiveCfg = Debug|Any CPU
		{D1B4E5C0-010C-4F90-BBBA-DAA4F5066653}.Debug|Any CPU.Build.0 = Debug|Any CPU
		{D1B4E5C0-010C-4F90-BBBA-DAA4F5066653}.Release|Any CPU.ActiveCfg = Release|Any CPU
		{D1B4E5C0-010C-4F90-BBBA-DAA4F5066653}.Release|Any CPU.Build.0 = Release|Any CPU
		{273E10A1-0483-41F8-A0B5-31284EBA991C}.Debug|Any CPU.ActiveCfg = Debug|Any CPU
		{273E10A1-0483-41F8-A0B5-31284EBA991C}.Debug|Any CPU.Build.0 = Debug|Any CPU
		{273E10A1-0483-41F8-A0B5-31284EBA991C}.Release|Any CPU.ActiveCfg = Release|Any CPU
		{273E10A1-0483-41F8-A0B5-31284EBA991C}.Release|Any CPU.Build.0 = Release|Any CPU
		{5E1A77BD-9EEF-47AC-A9ED-B8506C6AFF51}.Debug|Any CPU.ActiveCfg = Debug|Any CPU
		{5E1A77BD-9EEF-47AC-A9ED-B8506C6AFF51}.Debug|Any CPU.Build.0 = Debug|Any CPU
		{5E1A77BD-9EEF-47AC-A9ED-B8506C6AFF51}.Release|Any CPU.ActiveCfg = Release|Any CPU
		{5E1A77BD-9EEF-47AC-A9ED-B8506C6AFF51}.Release|Any CPU.Build.0 = Release|Any CPU
		{AE828FED-F08B-4DC7-866E-7D6A005329D6}.Debug|Any CPU.ActiveCfg = Debug|Any CPU
		{AE828FED-F08B-4DC7-866E-7D6A005329D6}.Debug|Any CPU.Build.0 = Debug|Any CPU
		{AE828FED-F08B-4DC7-866E-7D6A005329D6}.Release|Any CPU.ActiveCfg = Release|Any CPU
		{AE828FED-F08B-4DC7-866E-7D6A005329D6}.Release|Any CPU.Build.0 = Release|Any CPU
		{C7E47C3F-FA4F-42D6-9B6E-496A5E65960B}.Debug|Any CPU.ActiveCfg = Debug|Any CPU
		{C7E47C3F-FA4F-42D6-9B6E-496A5E65960B}.Debug|Any CPU.Build.0 = Debug|Any CPU
		{C7E47C3F-FA4F-42D6-9B6E-496A5E65960B}.Release|Any CPU.ActiveCfg = Release|Any CPU
		{C7E47C3F-FA4F-42D6-9B6E-496A5E65960B}.Release|Any CPU.Build.0 = Release|Any CPU
		{B3A94513-DC77-43AC-A289-768DD7F29534}.Debug|Any CPU.ActiveCfg = Debug|Any CPU
		{B3A94513-DC77-43AC-A289-768DD7F29534}.Debug|Any CPU.Build.0 = Debug|Any CPU
		{B3A94513-DC77-43AC-A289-768DD7F29534}.Release|Any CPU.ActiveCfg = Release|Any CPU
		{B3A94513-DC77-43AC-A289-768DD7F29534}.Release|Any CPU.Build.0 = Release|Any CPU
		{AF12ADB2-0EB9-4319-A723-DA6DEF2A6F83}.Debug|Any CPU.ActiveCfg = Debug|Any CPU
		{AF12ADB2-0EB9-4319-A723-DA6DEF2A6F83}.Debug|Any CPU.Build.0 = Debug|Any CPU
		{AF12ADB2-0EB9-4319-A723-DA6DEF2A6F83}.Release|Any CPU.ActiveCfg = Release|Any CPU
		{AF12ADB2-0EB9-4319-A723-DA6DEF2A6F83}.Release|Any CPU.Build.0 = Release|Any CPU
		{6DFAE610-978F-4F10-AF80-29C42D87EA5E}.Debug|Any CPU.ActiveCfg = Debug|Any CPU
		{6DFAE610-978F-4F10-AF80-29C42D87EA5E}.Debug|Any CPU.Build.0 = Debug|Any CPU
		{6DFAE610-978F-4F10-AF80-29C42D87EA5E}.Release|Any CPU.ActiveCfg = Release|Any CPU
		{6DFAE610-978F-4F10-AF80-29C42D87EA5E}.Release|Any CPU.Build.0 = Release|Any CPU
		{6EAA9A1D-9CA1-4D7B-AFB4-DED57547CE0A}.Debug|Any CPU.ActiveCfg = Debug|Any CPU
		{6EAA9A1D-9CA1-4D7B-AFB4-DED57547CE0A}.Debug|Any CPU.Build.0 = Debug|Any CPU
		{6EAA9A1D-9CA1-4D7B-AFB4-DED57547CE0A}.Release|Any CPU.ActiveCfg = Release|Any CPU
		{6EAA9A1D-9CA1-4D7B-AFB4-DED57547CE0A}.Release|Any CPU.Build.0 = Release|Any CPU
		{C4960CD9-E482-4873-A172-296DA8F23FB6}.Debug|Any CPU.ActiveCfg = Debug|Any CPU
		{C4960CD9-E482-4873-A172-296DA8F23FB6}.Debug|Any CPU.Build.0 = Debug|Any CPU
		{C4960CD9-E482-4873-A172-296DA8F23FB6}.Release|Any CPU.ActiveCfg = Release|Any CPU
		{C4960CD9-E482-4873-A172-296DA8F23FB6}.Release|Any CPU.Build.0 = Release|Any CPU
		{0241A90D-E31B-4C98-8DD6-16DAAAB0502C}.Debug|Any CPU.ActiveCfg = Debug|Any CPU
		{0241A90D-E31B-4C98-8DD6-16DAAAB0502C}.Debug|Any CPU.Build.0 = Debug|Any CPU
		{0241A90D-E31B-4C98-8DD6-16DAAAB0502C}.Release|Any CPU.ActiveCfg = Release|Any CPU
		{0241A90D-E31B-4C98-8DD6-16DAAAB0502C}.Release|Any CPU.Build.0 = Release|Any CPU
		{B2FA36F8-1F76-4903-A8F0-662948957CB4}.Debug|Any CPU.ActiveCfg = Debug|Any CPU
		{B2FA36F8-1F76-4903-A8F0-662948957CB4}.Debug|Any CPU.Build.0 = Debug|Any CPU
		{B2FA36F8-1F76-4903-A8F0-662948957CB4}.Release|Any CPU.ActiveCfg = Release|Any CPU
		{B2FA36F8-1F76-4903-A8F0-662948957CB4}.Release|Any CPU.Build.0 = Release|Any CPU
		{A73E0D1F-3116-4C39-B46F-72BD06F526E3}.Debug|Any CPU.ActiveCfg = Debug|Any CPU
		{A73E0D1F-3116-4C39-B46F-72BD06F526E3}.Debug|Any CPU.Build.0 = Debug|Any CPU
		{A73E0D1F-3116-4C39-B46F-72BD06F526E3}.Release|Any CPU.ActiveCfg = Release|Any CPU
		{A73E0D1F-3116-4C39-B46F-72BD06F526E3}.Release|Any CPU.Build.0 = Release|Any CPU
		{DA498890-21F6-4260-A835-8E6B92F390DE}.Debug|Any CPU.ActiveCfg = Debug|Any CPU
		{DA498890-21F6-4260-A835-8E6B92F390DE}.Debug|Any CPU.Build.0 = Debug|Any CPU
		{DA498890-21F6-4260-A835-8E6B92F390DE}.Release|Any CPU.ActiveCfg = Release|Any CPU
		{DA498890-21F6-4260-A835-8E6B92F390DE}.Release|Any CPU.Build.0 = Release|Any CPU
		{C49CFE8A-96DF-4AA8-BAEB-09F323C3A89B}.Debug|Any CPU.ActiveCfg = Debug|Any CPU
		{C49CFE8A-96DF-4AA8-BAEB-09F323C3A89B}.Debug|Any CPU.Build.0 = Debug|Any CPU
		{C49CFE8A-96DF-4AA8-BAEB-09F323C3A89B}.Release|Any CPU.ActiveCfg = Release|Any CPU
		{C49CFE8A-96DF-4AA8-BAEB-09F323C3A89B}.Release|Any CPU.Build.0 = Release|Any CPU
		{294BA3FB-725D-4238-BD9A-6D54FE4E0647}.Debug|Any CPU.ActiveCfg = Debug|Any CPU
		{294BA3FB-725D-4238-BD9A-6D54FE4E0647}.Debug|Any CPU.Build.0 = Debug|Any CPU
		{294BA3FB-725D-4238-BD9A-6D54FE4E0647}.Release|Any CPU.ActiveCfg = Release|Any CPU
		{294BA3FB-725D-4238-BD9A-6D54FE4E0647}.Release|Any CPU.Build.0 = Release|Any CPU
		{D32A61F2-0FBF-4472-B805-F1D08EE7D752}.Debug|Any CPU.ActiveCfg = Debug|Any CPU
		{D32A61F2-0FBF-4472-B805-F1D08EE7D752}.Debug|Any CPU.Build.0 = Debug|Any CPU
		{D32A61F2-0FBF-4472-B805-F1D08EE7D752}.Release|Any CPU.ActiveCfg = Release|Any CPU
		{D32A61F2-0FBF-4472-B805-F1D08EE7D752}.Release|Any CPU.Build.0 = Release|Any CPU
		{908E3747-281E-4782-89F3-97A2E9F2DC7F}.Debug|Any CPU.ActiveCfg = Debug|Any CPU
		{908E3747-281E-4782-89F3-97A2E9F2DC7F}.Debug|Any CPU.Build.0 = Debug|Any CPU
		{908E3747-281E-4782-89F3-97A2E9F2DC7F}.Release|Any CPU.ActiveCfg = Release|Any CPU
		{908E3747-281E-4782-89F3-97A2E9F2DC7F}.Release|Any CPU.Build.0 = Release|Any CPU
		{FE2E27DC-06C2-47C9-8C06-6C57B6520C94}.Debug|Any CPU.ActiveCfg = Debug|Any CPU
		{FE2E27DC-06C2-47C9-8C06-6C57B6520C94}.Debug|Any CPU.Build.0 = Debug|Any CPU
		{FE2E27DC-06C2-47C9-8C06-6C57B6520C94}.Release|Any CPU.ActiveCfg = Release|Any CPU
		{FE2E27DC-06C2-47C9-8C06-6C57B6520C94}.Release|Any CPU.Build.0 = Release|Any CPU
		{59812A4A-F2FB-4DC5-A5EB-0E16E5E8D491}.Debug|Any CPU.ActiveCfg = Debug|Any CPU
		{59812A4A-F2FB-4DC5-A5EB-0E16E5E8D491}.Debug|Any CPU.Build.0 = Debug|Any CPU
		{59812A4A-F2FB-4DC5-A5EB-0E16E5E8D491}.Release|Any CPU.ActiveCfg = Release|Any CPU
		{59812A4A-F2FB-4DC5-A5EB-0E16E5E8D491}.Release|Any CPU.Build.0 = Release|Any CPU
		{45DB2718-7F4B-4EEE-AFF9-EB35C0CE0BFF}.Debug|Any CPU.ActiveCfg = Debug|Any CPU
		{45DB2718-7F4B-4EEE-AFF9-EB35C0CE0BFF}.Debug|Any CPU.Build.0 = Debug|Any CPU
		{45DB2718-7F4B-4EEE-AFF9-EB35C0CE0BFF}.Release|Any CPU.ActiveCfg = Release|Any CPU
		{45DB2718-7F4B-4EEE-AFF9-EB35C0CE0BFF}.Release|Any CPU.Build.0 = Release|Any CPU
	EndGlobalSection
	GlobalSection(NestedProjects) = preSolution
		{D2B6DFF7-361C-4B83-83DB-FEFCC7267B70} = {DF4342AE-5B13-427D-9D61-E1085394CE21}
		{BF61CBDA-FAA6-4A40-BC96-D5386686253D} = {DF4342AE-5B13-427D-9D61-E1085394CE21}
		{D1B4E5C0-010C-4F90-BBBA-DAA4F5066653} = {DF4342AE-5B13-427D-9D61-E1085394CE21}
		{273E10A1-0483-41F8-A0B5-31284EBA991C} = {DF4342AE-5B13-427D-9D61-E1085394CE21}
		{5E1A77BD-9EEF-47AC-A9ED-B8506C6AFF51} = {DF4342AE-5B13-427D-9D61-E1085394CE21}
		{AE828FED-F08B-4DC7-866E-7D6A005329D6} = {DF4342AE-5B13-427D-9D61-E1085394CE21}
		{C7E47C3F-FA4F-42D6-9B6E-496A5E65960B} = {DF4342AE-5B13-427D-9D61-E1085394CE21}
		{B3A94513-DC77-43AC-A289-768DD7F29534} = {DF4342AE-5B13-427D-9D61-E1085394CE21}
		{AF12ADB2-0EB9-4319-A723-DA6DEF2A6F83} = {DF4342AE-5B13-427D-9D61-E1085394CE21}
		{6DFAE610-978F-4F10-AF80-29C42D87EA5E} = {DF4342AE-5B13-427D-9D61-E1085394CE21}
		{6EAA9A1D-9CA1-4D7B-AFB4-DED57547CE0A} = {DF4342AE-5B13-427D-9D61-E1085394CE21}
		{C4960CD9-E482-4873-A172-296DA8F23FB6} = {DF4342AE-5B13-427D-9D61-E1085394CE21}
		{0241A90D-E31B-4C98-8DD6-16DAAAB0502C} = {DF4342AE-5B13-427D-9D61-E1085394CE21}
		{B2FA36F8-1F76-4903-A8F0-662948957CB4} = {DF4342AE-5B13-427D-9D61-E1085394CE21}
		{A73E0D1F-3116-4C39-B46F-72BD06F526E3} = {DF4342AE-5B13-427D-9D61-E1085394CE21}
		{DA498890-21F6-4260-A835-8E6B92F390DE} = {DF4342AE-5B13-427D-9D61-E1085394CE21}
		{C49CFE8A-96DF-4AA8-BAEB-09F323C3A89B} = {DF4342AE-5B13-427D-9D61-E1085394CE21}
		{294BA3FB-725D-4238-BD9A-6D54FE4E0647} = {DF4342AE-5B13-427D-9D61-E1085394CE21}
		{D32A61F2-0FBF-4472-B805-F1D08EE7D752} = {28869997-0A1A-4B66-9C3E-A4ABE7617A06}
		{908E3747-281E-4782-89F3-97A2E9F2DC7F} = {DF4342AE-5B13-427D-9D61-E1085394CE21}
		{FE2E27DC-06C2-47C9-8C06-6C57B6520C94} = {DF4342AE-5B13-427D-9D61-E1085394CE21}
		{59812A4A-F2FB-4DC5-A5EB-0E16E5E8D491} = {DF4342AE-5B13-427D-9D61-E1085394CE21}
		{45DB2718-7F4B-4EEE-AFF9-EB35C0CE0BFF} = {DF4342AE-5B13-427D-9D61-E1085394CE21}
	EndGlobalSection
EndGlobal
